// !$*UTF8*$!
{
	archiveVersion = 1;
	classes = {
	};
	objectVersion = 56;
	objects = {

/* Begin PBXBuildFile section */
		330663192B73FB2700BBF96D /* CafeApp.swift in Sources */ = {isa = PBXBuildFile; fileRef = 330663182B73FB2700BBF96D /* CafeApp.swift */; };
		3306631D2B73FB2800BBF96D /* Assets.xcassets in Resources */ = {isa = PBXBuildFile; fileRef = 3306631C2B73FB2800BBF96D /* Assets.xcassets */; };
		330663202B73FB2800BBF96D /* Preview Assets.xcassets in Resources */ = {isa = PBXBuildFile; fileRef = 3306631F2B73FB2800BBF96D /* Preview Assets.xcassets */; };
		3306632B2B74113900BBF96D /* PopupView.swift in Sources */ = {isa = PBXBuildFile; fileRef = 3306632A2B74113900BBF96D /* PopupView.swift */; };
		3306632D2B75577C00BBF96D /* SettingsView.swift in Sources */ = {isa = PBXBuildFile; fileRef = 3306632C2B75577C00BBF96D /* SettingsView.swift */; };
		3306632F2B75591500BBF96D /* GeneralSettingsView.swift in Sources */ = {isa = PBXBuildFile; fileRef = 3306632E2B75591500BBF96D /* GeneralSettingsView.swift */; };
		332D727E2B791F2900A50BC2 /* View+OptionalAttribute.swift in Sources */ = {isa = PBXBuildFile; fileRef = 332D727D2B791F2800A50BC2 /* View+OptionalAttribute.swift */; };
		3332236A2B775C7F004DAB26 /* DefaultPopupView.swift in Sources */ = {isa = PBXBuildFile; fileRef = 333223692B775C7F004DAB26 /* DefaultPopupView.swift */; };
		3332236C2B775D18004DAB26 /* ModelData.swift in Sources */ = {isa = PBXBuildFile; fileRef = 3332236B2B775D18004DAB26 /* ModelData.swift */; };
		3332236E2B775E00004DAB26 /* SchedulerView.swift in Sources */ = {isa = PBXBuildFile; fileRef = 3332236D2B775E00004DAB26 /* SchedulerView.swift */; };
		333223712B775F68004DAB26 /* ScheduleItem.swift in Sources */ = {isa = PBXBuildFile; fileRef = 333223702B775F68004DAB26 /* ScheduleItem.swift */; };
		333223732B779C4F004DAB26 /* PIDSchedulerView.swift in Sources */ = {isa = PBXBuildFile; fileRef = 333223722B779C4F004DAB26 /* PIDSchedulerView.swift */; };
		333223752B779D63004DAB26 /* DateSchedulerView.swift in Sources */ = {isa = PBXBuildFile; fileRef = 333223742B779D63004DAB26 /* DateSchedulerView.swift */; };
/* End PBXBuildFile section */

/* Begin PBXFileReference section */
		330663152B73FB2700BBF96D /* Cafe.app */ = {isa = PBXFileReference; explicitFileType = wrapper.application; includeInIndex = 0; path = Cafe.app; sourceTree = BUILT_PRODUCTS_DIR; };
		330663182B73FB2700BBF96D /* CafeApp.swift */ = {isa = PBXFileReference; lastKnownFileType = sourcecode.swift; path = CafeApp.swift; sourceTree = "<group>"; };
		3306631C2B73FB2800BBF96D /* Assets.xcassets */ = {isa = PBXFileReference; lastKnownFileType = folder.assetcatalog; path = Assets.xcassets; sourceTree = "<group>"; };
		3306631F2B73FB2800BBF96D /* Preview Assets.xcassets */ = {isa = PBXFileReference; lastKnownFileType = folder.assetcatalog; path = "Preview Assets.xcassets"; sourceTree = "<group>"; };
		330663212B73FB2800BBF96D /* Cafe.entitlements */ = {isa = PBXFileReference; lastKnownFileType = text.plist.entitlements; path = Cafe.entitlements; sourceTree = "<group>"; };
		330663272B73FBAF00BBF96D /* README.md */ = {isa = PBXFileReference; lastKnownFileType = net.daringfireball.markdown; path = README.md; sourceTree = "<group>"; };
		3306632A2B74113900BBF96D /* PopupView.swift */ = {isa = PBXFileReference; lastKnownFileType = sourcecode.swift; path = PopupView.swift; sourceTree = "<group>"; };
		3306632C2B75577C00BBF96D /* SettingsView.swift */ = {isa = PBXFileReference; lastKnownFileType = sourcecode.swift; path = SettingsView.swift; sourceTree = "<group>"; };
		3306632E2B75591500BBF96D /* GeneralSettingsView.swift */ = {isa = PBXFileReference; lastKnownFileType = sourcecode.swift; path = GeneralSettingsView.swift; sourceTree = "<group>"; };
		330663302B7565C600BBF96D /* TODO.md */ = {isa = PBXFileReference; lastKnownFileType = net.daringfireball.markdown; path = TODO.md; sourceTree = "<group>"; };
		332C0DE92B80BBAB0029386A /* menu_bar.png */ = {isa = PBXFileReference; lastKnownFileType = image.png; path = menu_bar.png; sourceTree = "<group>"; };
		332D727D2B791F2800A50BC2 /* View+OptionalAttribute.swift */ = {isa = PBXFileReference; fileEncoding = 4; lastKnownFileType = sourcecode.swift; path = "View+OptionalAttribute.swift"; sourceTree = "<group>"; };
		333223692B775C7F004DAB26 /* DefaultPopupView.swift */ = {isa = PBXFileReference; lastKnownFileType = sourcecode.swift; path = DefaultPopupView.swift; sourceTree = "<group>"; };
		3332236B2B775D18004DAB26 /* ModelData.swift */ = {isa = PBXFileReference; lastKnownFileType = sourcecode.swift; path = ModelData.swift; sourceTree = "<group>"; };
		3332236D2B775E00004DAB26 /* SchedulerView.swift */ = {isa = PBXFileReference; lastKnownFileType = sourcecode.swift; path = SchedulerView.swift; sourceTree = "<group>"; };
		333223702B775F68004DAB26 /* ScheduleItem.swift */ = {isa = PBXFileReference; lastKnownFileType = sourcecode.swift; path = ScheduleItem.swift; sourceTree = "<group>"; };
		333223722B779C4F004DAB26 /* PIDSchedulerView.swift */ = {isa = PBXFileReference; lastKnownFileType = sourcecode.swift; path = PIDSchedulerView.swift; sourceTree = "<group>"; };
		333223742B779D63004DAB26 /* DateSchedulerView.swift */ = {isa = PBXFileReference; lastKnownFileType = sourcecode.swift; path = DateSchedulerView.swift; sourceTree = "<group>"; };
		333223782B77FC4B004DAB26 /* .gitignore */ = {isa = PBXFileReference; lastKnownFileType = text; path = .gitignore; sourceTree = "<group>"; };
/* End PBXFileReference section */

/* Begin PBXFrameworksBuildPhase section */
		330663122B73FB2700BBF96D /* Frameworks */ = {
			isa = PBXFrameworksBuildPhase;
			buildActionMask = 2147483647;
			files = (
			);
			runOnlyForDeploymentPostprocessing = 0;
		};
/* End PBXFrameworksBuildPhase section */

/* Begin PBXGroup section */
		3306630C2B73FB2700BBF96D = {
			isa = PBXGroup;
			children = (
				330663272B73FBAF00BBF96D /* README.md */,
				333223782B77FC4B004DAB26 /* .gitignore */,
				330663302B7565C600BBF96D /* TODO.md */,
				330663312B75669700BBF96D /* images */,
				330663172B73FB2700BBF96D /* Cafe */,
				330663162B73FB2700BBF96D /* Products */,
			);
			sourceTree = "<group>";
		};
		330663162B73FB2700BBF96D /* Products */ = {
			isa = PBXGroup;
			children = (
				330663152B73FB2700BBF96D /* Cafe.app */,
			);
			name = Products;
			sourceTree = "<group>";
		};
		330663172B73FB2700BBF96D /* Cafe */ = {
			isa = PBXGroup;
			children = (
				330663182B73FB2700BBF96D /* CafeApp.swift */,
				3332236B2B775D18004DAB26 /* ModelData.swift */,
				3306632A2B74113900BBF96D /* PopupView.swift */,
				333223692B775C7F004DAB26 /* DefaultPopupView.swift */,
				3332236D2B775E00004DAB26 /* SchedulerView.swift */,
				333223722B779C4F004DAB26 /* PIDSchedulerView.swift */,
				333223742B779D63004DAB26 /* DateSchedulerView.swift */,
				3306632C2B75577C00BBF96D /* SettingsView.swift */,
				3306632E2B75591500BBF96D /* GeneralSettingsView.swift */,
				3332236F2B775F58004DAB26 /* Helpers */,
				3306631C2B73FB2800BBF96D /* Assets.xcassets */,
				330663212B73FB2800BBF96D /* Cafe.entitlements */,
				3306631E2B73FB2800BBF96D /* Preview Content */,
			);
			path = Cafe;
			sourceTree = "<group>";
		};
		3306631E2B73FB2800BBF96D /* Preview Content */ = {
			isa = PBXGroup;
			children = (
				3306631F2B73FB2800BBF96D /* Preview Assets.xcassets */,
			);
			path = "Preview Content";
			sourceTree = "<group>";
		};
		330663312B75669700BBF96D /* images */ = {
			isa = PBXGroup;
			children = (
				332C0DE92B80BBAB0029386A /* menu_bar.png */,
			);
			path = images;
			sourceTree = "<group>";
		};
		3332236F2B775F58004DAB26 /* Helpers */ = {
			isa = PBXGroup;
			children = (
				333223702B775F68004DAB26 /* ScheduleItem.swift */,
				332D727D2B791F2800A50BC2 /* View+OptionalAttribute.swift */,
			);
			path = Helpers;
			sourceTree = "<group>";
		};
/* End PBXGroup section */

/* Begin PBXNativeTarget section */
		330663142B73FB2700BBF96D /* Cafe */ = {
			isa = PBXNativeTarget;
			buildConfigurationList = 330663242B73FB2800BBF96D /* Build configuration list for PBXNativeTarget "Cafe" */;
			buildPhases = (
				330663112B73FB2700BBF96D /* Sources */,
				330663122B73FB2700BBF96D /* Frameworks */,
				330663132B73FB2700BBF96D /* Resources */,
			);
			buildRules = (
			);
			dependencies = (
			);
			name = Cafe;
			productName = Cafe;
			productReference = 330663152B73FB2700BBF96D /* Cafe.app */;
			productType = "com.apple.product-type.application";
		};
/* End PBXNativeTarget section */

/* Begin PBXProject section */
		3306630D2B73FB2700BBF96D /* Project object */ = {
			isa = PBXProject;
			attributes = {
				BuildIndependentTargetsInParallel = 1;
				LastSwiftUpdateCheck = 1520;
				LastUpgradeCheck = 1520;
				TargetAttributes = {
					330663142B73FB2700BBF96D = {
						CreatedOnToolsVersion = 15.2;
					};
				};
			};
			buildConfigurationList = 330663102B73FB2700BBF96D /* Build configuration list for PBXProject "Cafe" */;
			compatibilityVersion = "Xcode 14.0";
			developmentRegion = en;
			hasScannedForEncodings = 0;
			knownRegions = (
				en,
				Base,
			);
			mainGroup = 3306630C2B73FB2700BBF96D;
			productRefGroup = 330663162B73FB2700BBF96D /* Products */;
			projectDirPath = "";
			projectRoot = "";
			targets = (
				330663142B73FB2700BBF96D /* Cafe */,
			);
		};
/* End PBXProject section */

/* Begin PBXResourcesBuildPhase section */
		330663132B73FB2700BBF96D /* Resources */ = {
			isa = PBXResourcesBuildPhase;
			buildActionMask = 2147483647;
			files = (
				330663202B73FB2800BBF96D /* Preview Assets.xcassets in Resources */,
				3306631D2B73FB2800BBF96D /* Assets.xcassets in Resources */,
			);
			runOnlyForDeploymentPostprocessing = 0;
		};
/* End PBXResourcesBuildPhase section */

/* Begin PBXSourcesBuildPhase section */
		330663112B73FB2700BBF96D /* Sources */ = {
			isa = PBXSourcesBuildPhase;
			buildActionMask = 2147483647;
			files = (
				333223752B779D63004DAB26 /* DateSchedulerView.swift in Sources */,
				3332236A2B775C7F004DAB26 /* DefaultPopupView.swift in Sources */,
				333223712B775F68004DAB26 /* ScheduleItem.swift in Sources */,
				3306632D2B75577C00BBF96D /* SettingsView.swift in Sources */,
				330663192B73FB2700BBF96D /* CafeApp.swift in Sources */,
				3306632F2B75591500BBF96D /* GeneralSettingsView.swift in Sources */,
				333223732B779C4F004DAB26 /* PIDSchedulerView.swift in Sources */,
				3306632B2B74113900BBF96D /* PopupView.swift in Sources */,
				3332236E2B775E00004DAB26 /* SchedulerView.swift in Sources */,
				3332236C2B775D18004DAB26 /* ModelData.swift in Sources */,
				332D727E2B791F2900A50BC2 /* View+OptionalAttribute.swift in Sources */,
			);
			runOnlyForDeploymentPostprocessing = 0;
		};
/* End PBXSourcesBuildPhase section */

/* Begin XCBuildConfiguration section */
		330663222B73FB2800BBF96D /* Debug */ = {
			isa = XCBuildConfiguration;
			buildSettings = {
				ALWAYS_SEARCH_USER_PATHS = NO;
				ASSETCATALOG_COMPILER_GENERATE_SWIFT_ASSET_SYMBOL_EXTENSIONS = YES;
				CLANG_ANALYZER_NONNULL = YES;
				CLANG_ANALYZER_NUMBER_OBJECT_CONVERSION = YES_AGGRESSIVE;
				CLANG_CXX_LANGUAGE_STANDARD = "gnu++20";
				CLANG_ENABLE_MODULES = YES;
				CLANG_ENABLE_OBJC_ARC = YES;
				CLANG_ENABLE_OBJC_WEAK = YES;
				CLANG_WARN_BLOCK_CAPTURE_AUTORELEASING = YES;
				CLANG_WARN_BOOL_CONVERSION = YES;
				CLANG_WARN_COMMA = YES;
				CLANG_WARN_CONSTANT_CONVERSION = YES;
				CLANG_WARN_DEPRECATED_OBJC_IMPLEMENTATIONS = YES;
				CLANG_WARN_DIRECT_OBJC_ISA_USAGE = YES_ERROR;
				CLANG_WARN_DOCUMENTATION_COMMENTS = YES;
				CLANG_WARN_EMPTY_BODY = YES;
				CLANG_WARN_ENUM_CONVERSION = YES;
				CLANG_WARN_INFINITE_RECURSION = YES;
				CLANG_WARN_INT_CONVERSION = YES;
				CLANG_WARN_NON_LITERAL_NULL_CONVERSION = YES;
				CLANG_WARN_OBJC_IMPLICIT_RETAIN_SELF = YES;
				CLANG_WARN_OBJC_LITERAL_CONVERSION = YES;
				CLANG_WARN_OBJC_ROOT_CLASS = YES_ERROR;
				CLANG_WARN_QUOTED_INCLUDE_IN_FRAMEWORK_HEADER = YES;
				CLANG_WARN_RANGE_LOOP_ANALYSIS = YES;
				CLANG_WARN_STRICT_PROTOTYPES = YES;
				CLANG_WARN_SUSPICIOUS_MOVE = YES;
				CLANG_WARN_UNGUARDED_AVAILABILITY = YES_AGGRESSIVE;
				CLANG_WARN_UNREACHABLE_CODE = YES;
				CLANG_WARN__DUPLICATE_METHOD_MATCH = YES;
				COPY_PHASE_STRIP = NO;
				DEBUG_INFORMATION_FORMAT = dwarf;
				ENABLE_STRICT_OBJC_MSGSEND = YES;
				ENABLE_TESTABILITY = YES;
				ENABLE_USER_SCRIPT_SANDBOXING = YES;
				GCC_C_LANGUAGE_STANDARD = gnu17;
				GCC_DYNAMIC_NO_PIC = NO;
				GCC_NO_COMMON_BLOCKS = YES;
				GCC_OPTIMIZATION_LEVEL = 0;
				GCC_PREPROCESSOR_DEFINITIONS = (
					"DEBUG=1",
					"$(inherited)",
				);
				GCC_WARN_64_TO_32_BIT_CONVERSION = YES;
				GCC_WARN_ABOUT_RETURN_TYPE = YES_ERROR;
				GCC_WARN_UNDECLARED_SELECTOR = YES;
				GCC_WARN_UNINITIALIZED_AUTOS = YES_AGGRESSIVE;
				GCC_WARN_UNUSED_FUNCTION = YES;
				GCC_WARN_UNUSED_VARIABLE = YES;
				LOCALIZATION_PREFERS_STRING_CATALOGS = YES;
				MACOSX_DEPLOYMENT_TARGET = 14.2;
				MTL_ENABLE_DEBUG_INFO = INCLUDE_SOURCE;
				MTL_FAST_MATH = YES;
				ONLY_ACTIVE_ARCH = YES;
				SDKROOT = macosx;
				SWIFT_ACTIVE_COMPILATION_CONDITIONS = "DEBUG $(inherited)";
				SWIFT_OPTIMIZATION_LEVEL = "-Onone";
			};
			name = Debug;
		};
		330663232B73FB2800BBF96D /* Release */ = {
			isa = XCBuildConfiguration;
			buildSettings = {
				ALWAYS_SEARCH_USER_PATHS = NO;
				ASSETCATALOG_COMPILER_GENERATE_SWIFT_ASSET_SYMBOL_EXTENSIONS = YES;
				CLANG_ANALYZER_NONNULL = YES;
				CLANG_ANALYZER_NUMBER_OBJECT_CONVERSION = YES_AGGRESSIVE;
				CLANG_CXX_LANGUAGE_STANDARD = "gnu++20";
				CLANG_ENABLE_MODULES = YES;
				CLANG_ENABLE_OBJC_ARC = YES;
				CLANG_ENABLE_OBJC_WEAK = YES;
				CLANG_WARN_BLOCK_CAPTURE_AUTORELEASING = YES;
				CLANG_WARN_BOOL_CONVERSION = YES;
				CLANG_WARN_COMMA = YES;
				CLANG_WARN_CONSTANT_CONVERSION = YES;
				CLANG_WARN_DEPRECATED_OBJC_IMPLEMENTATIONS = YES;
				CLANG_WARN_DIRECT_OBJC_ISA_USAGE = YES_ERROR;
				CLANG_WARN_DOCUMENTATION_COMMENTS = YES;
				CLANG_WARN_EMPTY_BODY = YES;
				CLANG_WARN_ENUM_CONVERSION = YES;
				CLANG_WARN_INFINITE_RECURSION = YES;
				CLANG_WARN_INT_CONVERSION = YES;
				CLANG_WARN_NON_LITERAL_NULL_CONVERSION = YES;
				CLANG_WARN_OBJC_IMPLICIT_RETAIN_SELF = YES;
				CLANG_WARN_OBJC_LITERAL_CONVERSION = YES;
				CLANG_WARN_OBJC_ROOT_CLASS = YES_ERROR;
				CLANG_WARN_QUOTED_INCLUDE_IN_FRAMEWORK_HEADER = YES;
				CLANG_WARN_RANGE_LOOP_ANALYSIS = YES;
				CLANG_WARN_STRICT_PROTOTYPES = YES;
				CLANG_WARN_SUSPICIOUS_MOVE = YES;
				CLANG_WARN_UNGUARDED_AVAILABILITY = YES_AGGRESSIVE;
				CLANG_WARN_UNREACHABLE_CODE = YES;
				CLANG_WARN__DUPLICATE_METHOD_MATCH = YES;
				COPY_PHASE_STRIP = NO;
				DEBUG_INFORMATION_FORMAT = "dwarf-with-dsym";
				ENABLE_NS_ASSERTIONS = NO;
				ENABLE_STRICT_OBJC_MSGSEND = YES;
				ENABLE_USER_SCRIPT_SANDBOXING = YES;
				GCC_C_LANGUAGE_STANDARD = gnu17;
				GCC_NO_COMMON_BLOCKS = YES;
				GCC_WARN_64_TO_32_BIT_CONVERSION = YES;
				GCC_WARN_ABOUT_RETURN_TYPE = YES_ERROR;
				GCC_WARN_UNDECLARED_SELECTOR = YES;
				GCC_WARN_UNINITIALIZED_AUTOS = YES_AGGRESSIVE;
				GCC_WARN_UNUSED_FUNCTION = YES;
				GCC_WARN_UNUSED_VARIABLE = YES;
				LOCALIZATION_PREFERS_STRING_CATALOGS = YES;
				MACOSX_DEPLOYMENT_TARGET = 14.2;
				MTL_ENABLE_DEBUG_INFO = NO;
				MTL_FAST_MATH = YES;
				SDKROOT = macosx;
				SWIFT_COMPILATION_MODE = wholemodule;
			};
			name = Release;
		};
		330663252B73FB2800BBF96D /* Debug */ = {
			isa = XCBuildConfiguration;
			buildSettings = {
				ASSETCATALOG_COMPILER_APPICON_NAME = AppIcon;
				ASSETCATALOG_COMPILER_GLOBAL_ACCENT_COLOR_NAME = AccentColor;
				CODE_SIGN_ENTITLEMENTS = Cafe/Cafe.entitlements;
				CODE_SIGN_STYLE = Automatic;
				COMBINE_HIDPI_IMAGES = YES;
				CURRENT_PROJECT_VERSION = 1;
				DEVELOPMENT_ASSET_PATHS = "\"Cafe/Preview Content\"";
				DEVELOPMENT_TEAM = GQ8VJZ95NP;
				ENABLE_HARDENED_RUNTIME = YES;
				ENABLE_PREVIEWS = YES;
				GENERATE_INFOPLIST_FILE = YES;
				INFOPLIST_KEY_CFBundleDisplayName = "Café";
				INFOPLIST_KEY_NSHumanReadableCopyright = "";
				LD_RUNPATH_SEARCH_PATHS = (
					"$(inherited)",
					"@executable_path/../Frameworks",
				);
				MARKETING_VERSION = 1.1;
				PRODUCT_BUNDLE_IDENTIFIER = com.dcas796.Cafe;
				PRODUCT_NAME = "$(TARGET_NAME)";
				SWIFT_EMIT_LOC_STRINGS = YES;
				SWIFT_VERSION = 5.0;
			};
			name = Debug;
		};
		330663262B73FB2800BBF96D /* Release */ = {
			isa = XCBuildConfiguration;
			buildSettings = {
				ASSETCATALOG_COMPILER_APPICON_NAME = AppIcon;
				ASSETCATALOG_COMPILER_GLOBAL_ACCENT_COLOR_NAME = AccentColor;
				CODE_SIGN_ENTITLEMENTS = Cafe/Cafe.entitlements;
				CODE_SIGN_STYLE = Automatic;
				COMBINE_HIDPI_IMAGES = YES;
				CURRENT_PROJECT_VERSION = 1;
				DEVELOPMENT_ASSET_PATHS = "\"Cafe/Preview Content\"";
				DEVELOPMENT_TEAM = GQ8VJZ95NP;
				ENABLE_HARDENED_RUNTIME = YES;
				ENABLE_PREVIEWS = YES;
				GENERATE_INFOPLIST_FILE = YES;
				INFOPLIST_KEY_CFBundleDisplayName = "Café";
				INFOPLIST_KEY_NSHumanReadableCopyright = "";
				LD_RUNPATH_SEARCH_PATHS = (
					"$(inherited)",
					"@executable_path/../Frameworks",
				);
				MARKETING_VERSION = 1.1;
				PRODUCT_BUNDLE_IDENTIFIER = com.dcas796.Cafe;
				PRODUCT_NAME = "$(TARGET_NAME)";
				SWIFT_EMIT_LOC_STRINGS = YES;
				SWIFT_VERSION = 5.0;
			};
			name = Release;
		};
/* End XCBuildConfiguration section */

/* Begin XCConfigurationList section */
		330663102B73FB2700BBF96D /* Build configuration list for PBXProject "Cafe" */ = {
			isa = XCConfigurationList;
			buildConfigurations = (
				330663222B73FB2800BBF96D /* Debug */,
				330663232B73FB2800BBF96D /* Release */,
			);
			defaultConfigurationIsVisible = 0;
			defaultConfigurationName = Release;
		};
		330663242B73FB2800BBF96D /* Build configuration list for PBXNativeTarget "Cafe" */ = {
			isa = XCConfigurationList;
			buildConfigurations = (
				330663252B73FB2800BBF96D /* Debug */,
				330663262B73FB2800BBF96D /* Release */,
			);
			defaultConfigurationIsVisible = 0;
			defaultConfigurationName = Release;
		};
/* End XCConfigurationList section */
	};
	rootObject = 3306630D2B73FB2700BBF96D /* Project object */;
}
